lockfileVersion: '9.0'

settings:
  autoInstallPeers: true
  excludeLinksFromLockfile: false

importers:

  .:
    dependencies:
      '@google/generative-ai':
        specifier: ^0.21.0
        version: 0.21.0
      epub2:
        specifier: ^3.0.2
        version: 3.0.2(ts-toolbelt@9.6.0)
      turndown:
        specifier: ^7.2.0
        version: 7.2.0
      yargs:
        specifier: ^17.7.2
        version: 17.7.2

packages:

  '@google/generative-ai@0.21.0':
    resolution: {integrity: sha512-7XhUbtnlkSEZK15kN3t+tzIMxsbKm/dSkKBFalj+20NvPKe1kBY7mR2P7vuijEn+f06z5+A8bVGKO0v39cr6Wg==}
    engines: {node: '>=18.0.0'}

  '@mixmark-io/domino@2.2.0':
    resolution: {integrity: sha512-Y28PR25bHXUg88kCV7nivXrP2Nj2RueZ3/l/jdx6J9f8J4nsEGcgX0Qe6lt7Pa+J79+kPiJU3LguR6O/6zrLOw==}

  '@types/node@22.10.2':
    resolution: {integrity: sha512-Xxr6BBRCAOQixvonOye19wnzyDiUtTeqldOOmj3CkeblonbccA12PFwlufvRdrpjXxqnmUaeiU5EOA+7s5diUQ==}

  adm-zip@0.5.16:
    resolution: {integrity: sha512-TGw5yVi4saajsSEgz25grObGHEUaDrniwvA2qwSC060KfqGPdglhvPMA2lPIoxs3PQIItj2iag35fONcQqgUaQ==}
    engines: {node: '>=12.0'}

  ansi-regex@5.0.1:
    resolution: {integrity: sha512-quJQXlTSUGL2LH9SUXo8VwsY4soanhgo6LNSm84E1LBcE8s3O0wpdiRzyR9z/ZZJMlMWv37qOOb9pdJlMUEKFQ==}
    engines: {node: '>=8'}

  ansi-styles@4.3.0:
    resolution: {integrity: sha512-zbB9rCJAT1rbjiVDb2hqKFHNYLxgtk8NURxZ3IZwD3F6NtxbXZQCnnSi1Lkx+IDohdPlFp222wVALIheZJQSEg==}
    engines: {node: '>=8'}

  array-hyper-unique@2.1.6:
    resolution: {integrity: sha512-BdlHRqjKSYs88WFaVNVEc6Kv8ln/FdzCKPbcDPuWs4/EXkQFhnjc8TyR7hnPxRjcjo5LKOhUMGUWpAqRgeJvpA==}

  bluebird@3.7.2:
    resolution: {integrity: sha512-XpNj6GDQzdfW+r2Wnn7xiSAd7TM3jzkxGXBGTtWKuSXv1xUV+azxAm8jdWZN06QTQk+2N2XB9jRDkvbmQmcRtg==}

  cliui@8.0.1:
    resolution: {integrity: sha512-BSeNnyus75C4//NQ9gQt1/csTXyo/8Sb+afLAkzAptFuMsod9HFokGNudZpi/oQV73hnVK+sR+5PVRMd+Dr7YQ==}
    engines: {node: '>=12'}

  color-convert@2.0.1:
    resolution: {integrity: sha512-RRECPsj7iu/xb5oKYcsFHSppFNnsj/52OVTRKb4zP5onXwVF3zVmmToNcOfGC+CRDpfK/U584fMg38ZHCaElKQ==}
    engines: {node: '>=7.0.0'}

  color-name@1.1.4:
    resolution: {integrity: sha512-dOy+3AuW3a2wNbZHIuMZpTcgjGuLU/uBL/ubcZF9OXbDo8ff4O8yVp5Bf0efS8uEoYo5q4Fx7dY9OgQGXgAsQA==}

  crlf-normalize@1.0.20:
    resolution: {integrity: sha512-h/rBerTd3YHQGfv7tNT25mfhWvRq2BBLCZZ80GFarFxf6HQGbpW6iqDL3N+HBLpjLfAdcBXfWAzVlLfHkRUQBQ==}

  deep-eql@4.0.0:
    resolution: {integrity: sha512-GxJC5MOg2KyQlv6WiUF/VAnMj4MWnYiXo4oLgeptOELVoknyErb4Z8+5F/IM/K4g9/80YzzatxmWcyRwUseH0A==}
    engines: {node: '>=6'}

  emoji-regex@8.0.0:
    resolution: {integrity: sha512-MSjYzcWNOA0ewAHpz0MxpYFvwg6yjy1NG3xteoqz644VCo/RPgnr1/GGt+ic3iJTzQ8Eu3TdM14SawnVUmGE6A==}

  epub2@3.0.2:
    resolution: {integrity: sha512-rhvpt27CV5MZfRetfNtdNwi3XcNg1Am0TwfveJkK8YWeHItHepQ8Js9J06v8XRIjuTrCW/NSGYMTy55Of7BfNQ==}

  escalade@3.2.0:
    resolution: {integrity: sha512-WUj2qlxaQtO4g6Pq5c29GTcWGDyd8itL8zTlipgECz3JesAiiOKotd8JU6otB3PACgG6xkJUyVhboMS+bje/jA==}
    engines: {node: '>=6'}

  get-caller-file@2.0.5:
    resolution: {integrity: sha512-DyFP3BM/3YHTQOCUL/w0OZHR0lpKeGrxotcHWcqNEdnltqFwXVfhEBQ94eIo34AfQpo0rGki4cyIiftY06h2Fg==}
    engines: {node: 6.* || 8.* || >= 10.*}

  is-fullwidth-code-point@3.0.0:
    resolution: {integrity: sha512-zymm5+u+sCsSWyD9qNaejV3DFvhCKclKdizYaJUuHA83RLjb7nSuGnddCHGv0hk+KY7BMAlsWeK4Ueg6EV6XQg==}
    engines: {node: '>=8'}

  lodash@4.17.21:
    resolution: {integrity: sha512-v2kDEe57lecTulaDIuNTPy3Ry4gLGJ6Z1O3vE1krgXZNrsQ+LFTGHVxVjcXPs17LhbZVGedAJv8XZ1tvj5FvSg==}

  require-directory@2.1.1:
    resolution: {integrity: sha512-fGxEI7+wsG9xrvdjsrlmL22OMTTiHRwAMroiEeMgq8gzoLC/PQr7RsRDSTLUg/bZAZtF+TVIkHc6/4RIKrui+Q==}
    engines: {node: '>=0.10.0'}

  sax@1.4.1:
    resolution: {integrity: sha512-+aWOz7yVScEGoKNd4PA10LZ8sk0A/z5+nXQG5giUO5rprX9jgYsTdov9qCchZiPIZezbZH+jRut8nPodFAX4Jg==}

  string-width@4.2.3:
    resolution: {integrity: sha512-wKyQRQpjJ0sIp62ErSZdGsjMJWsap5oRNihHhu6G7JVO/9jIB6UyevL+tXuOqrng8j/cxKTWyWUwvSTriiZz/g==}
    engines: {node: '>=8'}

  strip-ansi@6.0.1:
    resolution: {integrity: sha512-Y38VPSHcqkFrCpFnQ9vuSXmquuv5oXOKpGeT6aGrr3o3Gc9AlVa6JBfUSOCnbxGGZF+/0ooI7KrPuUSztUdU5A==}
    engines: {node: '>=8'}

  ts-toolbelt@9.6.0:
    resolution: {integrity: sha512-nsZd8ZeNUzukXPlJmTBwUAuABDe/9qtVDelJeT/qW0ow3ZS3BsQJtNkan1802aM9Uf68/Y8ljw86Hu0h5IUW3w==}

  ts-type@3.0.1:
    resolution: {integrity: sha512-cleRydCkBGBFQ4KAvLH0ARIkciduS745prkGVVxPGvcRGhMMoSJUB7gNR1ByKhFTEYrYRg2CsMRGYnqp+6op+g==}
    peerDependencies:
      ts-toolbelt: ^9.6.0

  tslib@2.8.1:
    resolution: {integrity: sha512-oJFu94HQb+KVduSUQL7wnpmqnfmLsOA/nAh6b6EH0wCEoK0/mPeXU6c3wKDV83MkOuHPRHtSXKKU99IBazS/2w==}

  turndown@7.2.0:
    resolution: {integrity: sha512-eCZGBN4nNNqM9Owkv9HAtWRYfLA4h909E/WGAWWBpmB275ehNhZyk87/Tpvjbp0jjNl9XwCsbe6bm6CqFsgD+A==}

  type-detect@4.1.0:
    resolution: {integrity: sha512-Acylog8/luQ8L7il+geoSxhEkazvkslg7PSNKOX59mbB9cOveP5aq9h74Y7YU8yDpJwetzQQrfIwtf4Wp4LKcw==}
    engines: {node: '>=4'}

  typedarray-dts@1.0.0:
    resolution: {integrity: sha512-Ka0DBegjuV9IPYFT1h0Qqk5U4pccebNIJCGl8C5uU7xtOs+jpJvKGAY4fHGK25hTmXZOEUl9Cnsg5cS6K/b5DA==}

  undici-types@6.20.0:
    resolution: {integrity: sha512-Ny6QZ2Nju20vw1SRHe3d9jVu6gJ+4e3+MMpqu7pqE5HT6WsTSlce++GQmK5UXS8mzV8DSYHrQH+Xrf2jVcuKNg==}

  wrap-ansi@7.0.0:
    resolution: {integrity: sha512-YVGIj2kamLSTxw6NsZjoBxfSwsn0ycdesmc4p+Q21c5zPuZ1pl+NfxVdxPtdHvmNVOQ6XSYG4AUtyt/Fi7D16Q==}
    engines: {node: '>=10'}

  xml2js@0.6.2:
    resolution: {integrity: sha512-T4rieHaC1EXcES0Kxxj4JWgaUQHDk+qwHcYOCFHfiwKz7tOVPLq7Hjq9dM1WCMhylqMEfP7hMcOIChvotiZegA==}
    engines: {node: '>=4.0.0'}

  xmlbuilder@11.0.1:
    resolution: {integrity: sha512-fDlsI/kFEx7gLvbecc0/ohLG50fugQp8ryHzMTuW9vSa1GJ0XYWKnhsUx7oie3G98+r56aTQIUB4kht42R3JvA==}
    engines: {node: '>=4.0'}

  y18n@5.0.8:
    resolution: {integrity: sha512-0pfFzegeDWJHJIAmTLRP2DwHjdF5s7jo9tuztdQxAhINCdvS+3nGINqPd00AphqJR/0LhANUS6/+7SCb98YOfA==}
    engines: {node: '>=10'}

  yargs-parser@21.1.1:
    resolution: {integrity: sha512-tVpsJW7DdjecAiFpbIB1e3qxIQsE6NoPc5/eTdrbbIC4h0LVsWhnoa3g+m2HclBIujHzsxZ4VJVA+GUuc2/LBw==}
    engines: {node: '>=12'}

  yargs@17.7.2:
    resolution: {integrity: sha512-7dSzzRQ++CKnNI/krKnYRV7JKKPUXMEh61soaHKg9mrWEhzFWhFnxPxGl+69cD1Ou63C13NUPCnmIcrvqCuM6w==}
    engines: {node: '>=12'}

snapshots:

  '@google/generative-ai@0.21.0': {}

  '@mixmark-io/domino@2.2.0': {}

  '@types/node@22.10.2':
    dependencies:
      undici-types: 6.20.0

  adm-zip@0.5.16: {}

  ansi-regex@5.0.1: {}

  ansi-styles@4.3.0:
    dependencies:
      color-convert: 2.0.1

  array-hyper-unique@2.1.6:
    dependencies:
      deep-eql: 4.0.0
      lodash: 4.17.21

  bluebird@3.7.2: {}

  cliui@8.0.1:
    dependencies:
      string-width: 4.2.3
      strip-ansi: 6.0.1
      wrap-ansi: 7.0.0

  color-convert@2.0.1:
    dependencies:
      color-name: 1.1.4

  color-name@1.1.4: {}

  crlf-normalize@1.0.20(ts-toolbelt@9.6.0):
    dependencies:
      ts-type: 3.0.1(ts-toolbelt@9.6.0)
    transitivePeerDependencies:
      - ts-toolbelt

  deep-eql@4.0.0:
    dependencies:
      type-detect: 4.1.0

  emoji-regex@8.0.0: {}

  epub2@3.0.2(ts-toolbelt@9.6.0):
    dependencies:
      adm-zip: 0.5.16
      array-hyper-unique: 2.1.6
      bluebird: 3.7.2
      crlf-normalize: 1.0.20(ts-toolbelt@9.6.0)
      tslib: 2.8.1
      xml2js: 0.6.2
    transitivePeerDependencies:
      - ts-toolbelt

  escalade@3.2.0: {}

  get-caller-file@2.0.5: {}

  is-fullwidth-code-point@3.0.0: {}

  lodash@4.17.21: {}

  require-directory@2.1.1: {}

  sax@1.4.1: {}

  string-width@4.2.3:
    dependencies:
      emoji-regex: 8.0.0
      is-fullwidth-code-point: 3.0.0
      strip-ansi: 6.0.1

  strip-ansi@6.0.1:
    dependencies:
      ansi-regex: 5.0.1

  ts-toolbelt@9.6.0: {}

  ts-type@3.0.1(ts-toolbelt@9.6.0):
    dependencies:
      '@types/node': 22.10.2
      ts-toolbelt: 9.6.0
      tslib: 2.8.1
      typedarray-dts: 1.0.0

  tslib@2.8.1: {}

  turndown@7.2.0:
    dependencies:
      '@mixmark-io/domino': 2.2.0

  type-detect@4.1.0: {}

  typedarray-dts@1.0.0: {}

  undici-types@6.20.0: {}

  wrap-ansi@7.0.0:
    dependencies:
      ansi-styles: 4.3.0
      string-width: 4.2.3
      strip-ansi: 6.0.1

  xml2js@0.6.2:
    dependencies:
      sax: 1.4.1
      xmlbuilder: 11.0.1

  xmlbuilder@11.0.1: {}

  y18n@5.0.8: {}

  yargs-parser@21.1.1: {}

  yargs@17.7.2:
    dependencies:
      cliui: 8.0.1
      escalade: 3.2.0
      get-caller-file: 2.0.5
      require-directory: 2.1.1
      string-width: 4.2.3
      y18n: 5.0.8
      yargs-parser: 21.1.1
